
Microsoft Visual Studio Solution File, Format Version 12.00
# Visual Studio 15
VisualStudioVersion = 15.0.28010.2003
MinimumVisualStudioVersion = 10.0.40219.1
Project("{2150E333-8FDC-42A3-9474-1A3956D46DE8}") = "1. Dominio", "1. Dominio", "{32C3898C-E429-47CC-9405-7088B287F458}"
EndProject
Project("{2150E333-8FDC-42A3-9474-1A3956D46DE8}") = "2. InfraData", "2. InfraData", "{22AD5759-3A00-43F0-8DAF-45223B2870A8}"
EndProject
Project("{2150E333-8FDC-42A3-9474-1A3956D46DE8}") = "3 .Servico", "3 .Servico", "{6E6DC519-5A74-4F77-ABFC-365E24DB7C45}"
EndProject
Project("{2150E333-8FDC-42A3-9474-1A3956D46DE8}") = "4. Apresentacao", "4. Apresentacao", "{4E354BCE-D2B4-4251-855E-0E64F6231EF0}"
EndProject
Project("{2150E333-8FDC-42A3-9474-1A3956D46DE8}") = "5. Testes", "5. Testes", "{49B03F67-1F6F-4D91-8F27-12D4DF7ED7D3}"
EndProject
Project("{9A19103F-16F7-4668-BE54-9A1E7A4F7556}") = "Senai.CodeTur.Dominio", "ClassLibrary1\Senai.CodeTur.Dominio.csproj", "{7902FFEB-CC29-429E-9717-951068FFA731}"
EndProject
Project("{9A19103F-16F7-4668-BE54-9A1E7A4F7556}") = "Senai.CodeTur.Infra.Data", "Senai.CodeTur.Infra.Data\Senai.CodeTur.Infra.Data.csproj", "{CFF2DD69-BC90-46D5-AB2D-11F62AA1B00B}"
EndProject
Project("{9A19103F-16F7-4668-BE54-9A1E7A4F7556}") = "Senai.CodeTur.Servico", "Senai.CodeTur.Servico.csproj\Senai.CodeTur.Servico.csproj", "{BA7CF259-087D-47BB-8A13-10C331BE7EFE}"
EndProject
Project("{FAE04EC0-301F-11D3-BF4B-00C04F79EFBC}") = "Senai.CodeTur.Teste.XUnit.Repositorios", "Senai.CodeTur.Teste.XUnit.Repositorios\Senai.CodeTur.Teste.XUnit.Repositorios.csproj", "{2280A395-2F18-4B7D-9B0C-FC1C1956B33B}"
EndProject
Project("{FAE04EC0-301F-11D3-BF4B-00C04F79EFBC}") = "Senai.CodeTur.Web.Api", "Senai.CodeTur.Web.Api\Senai.CodeTur.Web.Api.csproj", "{38ACFD38-89F4-43AF-A352-4C0E3925F17D}"
EndProject
Global
	GlobalSection(SolutionConfigurationPlatforms) = preSolution
		Debug|Any CPU = Debug|Any CPU
		Release|Any CPU = Release|Any CPU
	EndGlobalSection
	GlobalSection(ProjectConfigurationPlatforms) = postSolution
		{7902FFEB-CC29-429E-9717-951068FFA731}.Debug|Any CPU.ActiveCfg = Debug|Any CPU
		{7902FFEB-CC29-429E-9717-951068FFA731}.Debug|Any CPU.Build.0 = Debug|Any CPU
		{7902FFEB-CC29-429E-9717-951068FFA731}.Release|Any CPU.ActiveCfg = Release|Any CPU
		{7902FFEB-CC29-429E-9717-951068FFA731}.Release|Any CPU.Build.0 = Release|Any CPU
		{CFF2DD69-BC90-46D5-AB2D-11F62AA1B00B}.Debug|Any CPU.ActiveCfg = Debug|Any CPU
		{CFF2DD69-BC90-46D5-AB2D-11F62AA1B00B}.Debug|Any CPU.Build.0 = Debug|Any CPU
		{CFF2DD69-BC90-46D5-AB2D-11F62AA1B00B}.Release|Any CPU.ActiveCfg = Release|Any CPU
		{CFF2DD69-BC90-46D5-AB2D-11F62AA1B00B}.Release|Any CPU.Build.0 = Release|Any CPU
		{BA7CF259-087D-47BB-8A13-10C331BE7EFE}.Debug|Any CPU.ActiveCfg = Debug|Any CPU
		{BA7CF259-087D-47BB-8A13-10C331BE7EFE}.Debug|Any CPU.Build.0 = Debug|Any CPU
		{BA7CF259-087D-47BB-8A13-10C331BE7EFE}.Release|Any CPU.ActiveCfg = Release|Any CPU
		{BA7CF259-087D-47BB-8A13-10C331BE7EFE}.Release|Any CPU.Build.0 = Release|Any CPU
		{2280A395-2F18-4B7D-9B0C-FC1C1956B33B}.Debug|Any CPU.ActiveCfg = Debug|Any CPU
		{2280A395-2F18-4B7D-9B0C-FC1C1956B33B}.Debug|Any CPU.Build.0 = Debug|Any CPU
		{2280A395-2F18-4B7D-9B0C-FC1C1956B33B}.Release|Any CPU.ActiveCfg = Release|Any CPU
		{2280A395-2F18-4B7D-9B0C-FC1C1956B33B}.Release|Any CPU.Build.0 = Release|Any CPU
		{38ACFD38-89F4-43AF-A352-4C0E3925F17D}.Debug|Any CPU.ActiveCfg = Debug|Any CPU
		{38ACFD38-89F4-43AF-A352-4C0E3925F17D}.Debug|Any CPU.Build.0 = Debug|Any CPU
		{38ACFD38-89F4-43AF-A352-4C0E3925F17D}.Release|Any CPU.ActiveCfg = Release|Any CPU
		{38ACFD38-89F4-43AF-A352-4C0E3925F17D}.Release|Any CPU.Build.0 = Release|Any CPU
	EndGlobalSection
	GlobalSection(SolutionProperties) = preSolution
		HideSolutionNode = FALSE
	EndGlobalSection
	GlobalSection(NestedProjects) = preSolution
		{7902FFEB-CC29-429E-9717-951068FFA731} = {32C3898C-E429-47CC-9405-7088B287F458}
		{CFF2DD69-BC90-46D5-AB2D-11F62AA1B00B} = {22AD5759-3A00-43F0-8DAF-45223B2870A8}
		{BA7CF259-087D-47BB-8A13-10C331BE7EFE} = {6E6DC519-5A74-4F77-ABFC-365E24DB7C45}
		{2280A395-2F18-4B7D-9B0C-FC1C1956B33B} = {49B03F67-1F6F-4D91-8F27-12D4DF7ED7D3}
		{38ACFD38-89F4-43AF-A352-4C0E3925F17D} = {4E354BCE-D2B4-4251-855E-0E64F6231EF0}
	EndGlobalSection
	GlobalSection(ExtensibilityGlobals) = postSolution
		SolutionGuid = {B32AF910-D7FA-4C90-A09F-96DE3A40BBE0}
	EndGlobalSection
EndGlobal
